
Microsoft Visual Studio Solution File, Format Version 12.00
# Visual Studio Version 16
VisualStudioVersion = 16.0.29519.87
MinimumVisualStudioVersion = 10.0.40219.1
Project("{FAE04EC0-301F-11D3-BF4B-00C04F79EFBC}") = "Polynomtech", "Polynomtech\Polynomtech.csproj", "{40205CA9-7F8E-4939-9ADB-0C68A7A9BAE3}"
EndProject
Global
	GlobalSection(SolutionConfigurationPlatforms) = preSolution
		Debug|Any CPU = Debug|Any CPU
		Release|Any CPU = Release|Any CPU
	EndGlobalSection
	GlobalSection(ProjectConfigurationPlatforms) = postSolution
		{40205CA9-7F8E-4939-9ADB-0C68A7A9BAE3}.Debug|Any CPU.ActiveCfg = Debug|Any CPU
		{40205CA9-7F8E-4939-9ADB-0C68A7A9BAE3}.Debug|Any CPU.Build.0 = Debug|Any CPU
		{40205CA9-7F8E-4939-9ADB-0C68A7A9BAE3}.Release|Any CPU.ActiveCfg = Release|Any CPU
		{40205CA9-7F8E-4939-9ADB-0C68A7A9BAE3}.Release|Any CPU.Build.0 = Release|Any CPU
	EndGlobalSection
	GlobalSection(SolutionProperties) = preSolution
		HideSolutionNode = FALSE
	EndGlobalSection
	GlobalSection(ExtensibilityGlobals) = postSolution
		SolutionGuid = {F89EB0D2-414B-448F-B116-72C66E7A3AD8}
	EndGlobalSection
EndGlobal
